{
  "version": "5",
  "specifiers": {
    "npm:@types/node@^24.5.2": "24.5.2",
    "npm:@typescript/native-preview@^7.0.0-dev.20251007.1": "7.0.0-dev.20251007.1"
  },
  "npm": {
    "@types/node@24.5.2": {
      "integrity": "sha512-FYxk1I7wPv3K2XBaoyH2cTnocQEu8AOZ60hPbsyukMPLv5/5qr7V1i8PLHdl6Zf87I+xZXFvPCXYjiTFq+YSDQ==",
      "dependencies": [
        "undici-types"
      ]
    },
    "@typescript/native-preview-darwin-arm64@7.0.0-dev.20251007.1": {
      "integrity": "sha512-iJfFwaodaTztMiG5qIcBDRtn0STDtbYu0m5CoS6j+tAh0HolM/BLCELefTh6jW6In1LclimV6aEe3rSEZYQMLg==",
      "os": ["darwin"],
      "cpu": ["arm64"]
    },
    "@typescript/native-preview-darwin-x64@7.0.0-dev.20251007.1": {
      "integrity": "sha512-TizsB7NWLzzr2LSWuzgNcuulIZ2GBJlBBhOHuVr4NKicimTQGhVQyhO3jm8Bt/x0FR5Nq9UlXbsqF7iesN9VOA==",
      "os": ["darwin"],
      "cpu": ["x64"]
    },
    "@typescript/native-preview-linux-arm64@7.0.0-dev.20251007.1": {
      "integrity": "sha512-pfyFnBEsXfeidHW7Dc8WlPkDkjwMgbbkP+NgCKg3fWds+syzYZN7otPy0gjJMyYW/J+IRsuXO8mcp3s9lPRWfQ==",
      "os": ["linux"],
      "cpu": ["arm64"]
    },
    "@typescript/native-preview-linux-arm@7.0.0-dev.20251007.1": {
      "integrity": "sha512-7wBoWJx9rSMQz1GUyM2OJG1UdP4fY+aFJ3dMX4NHID/iiTLRUfh+/l3wpwJWIim8H4tXD+zefTBHnRi9VGD68A==",
      "os": ["linux"],
      "cpu": ["arm"]
    },
    "@typescript/native-preview-linux-x64@7.0.0-dev.20251007.1": {
      "integrity": "sha512-PTsAVH/cMc8nglA92Vgchlh7X9U72b3EqRd52FZzuPvpmxk+YJ9tQWF/AEPuZtd9wd2Vd5GVD+UTmLFSffrIyQ==",
      "os": ["linux"],
      "cpu": ["x64"]
    },
    "@typescript/native-preview-win32-arm64@7.0.0-dev.20251007.1": {
      "integrity": "sha512-SBlaOEuTQ3yQ9ZJ9HG10ygA7karRZUhhpYE5Mo3vcWD8PNGOP3buNcbdGeIe8CZXTXWlqcATAieo0n65k+RfrA==",
      "os": ["win32"],
      "cpu": ["arm64"]
    },
    "@typescript/native-preview-win32-x64@7.0.0-dev.20251007.1": {
      "integrity": "sha512-WK7dCKMf73zGAPm0NjFJhHk2cOm4AifBziyJEfg45ue/ct4ughq1OagKUfr0ZG/94nrFpSYWHcHKSUX6unANVw==",
      "os": ["win32"],
      "cpu": ["x64"]
    },
    "@typescript/native-preview@7.0.0-dev.20251007.1": {
      "integrity": "sha512-bl9h/Me9+miK5S4vzeqChOznlE/JW+cQiTaxYVZz5ZPWMwrbZyd5erAFZ3/AivznjO6i30v28uVFCpg8AwmNBg==",
      "optionalDependencies": [
        "@typescript/native-preview-darwin-arm64",
        "@typescript/native-preview-darwin-x64",
        "@typescript/native-preview-linux-arm",
        "@typescript/native-preview-linux-arm64",
        "@typescript/native-preview-linux-x64",
        "@typescript/native-preview-win32-arm64",
        "@typescript/native-preview-win32-x64"
      ],
      "bin": true
    },
    "undici-types@7.12.0": {
      "integrity": "sha512-goOacqME2GYyOZZfb5Lgtu+1IDmAlAEu5xnD3+xTzS10hT0vzpf0SPjkXwAw9Jm+4n/mQGDP3LO8CPbYROeBfQ=="
    }
  },
  "workspace": {
    "packageJson": {
      "dependencies": [
        "npm:@types/node@^24.5.2",
        "npm:@typescript/native-preview@^7.0.0-dev.20251007.1"
      ]
    }
  }
}
