{
  "name": "@hazae41/tscousin",
  "version": "1.0.20",
  "lockfileVersion": 3,
  "requires": true,
  "packages": {
    "": {
      "name": "@hazae41/tscousin",
      "version": "1.0.20",
      "bin": {
        "tscousin": "out/bin.js"
      },
      "devDependencies": {
        "@types/node": "^24.5.2",
        "@typescript/native-preview": "^7.0.0-dev.20251007.1"
      }
    },
    "node_modules/@types/node": {
      "version": "24.5.2",
      "resolved": "https://registry.npmjs.org/@types/node/-/node-24.5.2.tgz",
      "integrity": "sha512-FYxk1I7wPv3K2XBaoyH2cTnocQEu8AOZ60hPbsyukMPLv5/5qr7V1i8PLHdl6Zf87I+xZXFvPCXYjiTFq+YSDQ==",
      "dev": true,
      "license": "MIT",
      "dependencies": {
        "undici-types": "~7.12.0"
      }
    },
    "node_modules/@typescript/native-preview": {
      "version": "7.0.0-dev.20251007.1",
      "resolved": "https://registry.npmjs.org/@typescript/native-preview/-/native-preview-7.0.0-dev.20251007.1.tgz",
      "integrity": "sha512-bl9h/Me9+miK5S4vzeqChOznlE/JW+cQiTaxYVZz5ZPWMwrbZyd5erAFZ3/AivznjO6i30v28uVFCpg8AwmNBg==",
      "dev": true,
      "license": "Apache-2.0",
      "bin": {
        "tsgo": "bin/tsgo.js"
      },
      "optionalDependencies": {
        "@typescript/native-preview-darwin-arm64": "7.0.0-dev.20251007.1",
        "@typescript/native-preview-darwin-x64": "7.0.0-dev.20251007.1",
        "@typescript/native-preview-linux-arm": "7.0.0-dev.20251007.1",
        "@typescript/native-preview-linux-arm64": "7.0.0-dev.20251007.1",
        "@typescript/native-preview-linux-x64": "7.0.0-dev.20251007.1",
        "@typescript/native-preview-win32-arm64": "7.0.0-dev.20251007.1",
        "@typescript/native-preview-win32-x64": "7.0.0-dev.20251007.1"
      }
    },
    "node_modules/@typescript/native-preview-darwin-arm64": {
      "version": "7.0.0-dev.20251007.1",
      "resolved": "https://registry.npmjs.org/@typescript/native-preview-darwin-arm64/-/native-preview-darwin-arm64-7.0.0-dev.20251007.1.tgz",
      "integrity": "sha512-iJfFwaodaTztMiG5qIcBDRtn0STDtbYu0m5CoS6j+tAh0HolM/BLCELefTh6jW6In1LclimV6aEe3rSEZYQMLg==",
      "cpu": [
        "arm64"
      ],
      "dev": true,
      "license": "Apache-2.0",
      "optional": true,
      "os": [
        "darwin"
      ]
    },
    "node_modules/@typescript/native-preview-darwin-x64": {
      "version": "7.0.0-dev.20251007.1",
      "resolved": "https://registry.npmjs.org/@typescript/native-preview-darwin-x64/-/native-preview-darwin-x64-7.0.0-dev.20251007.1.tgz",
      "integrity": "sha512-TizsB7NWLzzr2LSWuzgNcuulIZ2GBJlBBhOHuVr4NKicimTQGhVQyhO3jm8Bt/x0FR5Nq9UlXbsqF7iesN9VOA==",
      "cpu": [
        "x64"
      ],
      "dev": true,
      "license": "Apache-2.0",
      "optional": true,
      "os": [
        "darwin"
      ]
    },
    "node_modules/@typescript/native-preview-linux-arm": {
      "version": "7.0.0-dev.20251007.1",
      "resolved": "https://registry.npmjs.org/@typescript/native-preview-linux-arm/-/native-preview-linux-arm-7.0.0-dev.20251007.1.tgz",
      "integrity": "sha512-7wBoWJx9rSMQz1GUyM2OJG1UdP4fY+aFJ3dMX4NHID/iiTLRUfh+/l3wpwJWIim8H4tXD+zefTBHnRi9VGD68A==",
      "cpu": [
        "arm"
      ],
      "dev": true,
      "license": "Apache-2.0",
      "optional": true,
      "os": [
        "linux"
      ]
    },
    "node_modules/@typescript/native-preview-linux-arm64": {
      "version": "7.0.0-dev.20251007.1",
      "resolved": "https://registry.npmjs.org/@typescript/native-preview-linux-arm64/-/native-preview-linux-arm64-7.0.0-dev.20251007.1.tgz",
      "integrity": "sha512-pfyFnBEsXfeidHW7Dc8WlPkDkjwMgbbkP+NgCKg3fWds+syzYZN7otPy0gjJMyYW/J+IRsuXO8mcp3s9lPRWfQ==",
      "cpu": [
        "arm64"
      ],
      "dev": true,
      "license": "Apache-2.0",
      "optional": true,
      "os": [
        "linux"
      ]
    },
    "node_modules/@typescript/native-preview-linux-x64": {
      "version": "7.0.0-dev.20251007.1",
      "resolved": "https://registry.npmjs.org/@typescript/native-preview-linux-x64/-/native-preview-linux-x64-7.0.0-dev.20251007.1.tgz",
      "integrity": "sha512-PTsAVH/cMc8nglA92Vgchlh7X9U72b3EqRd52FZzuPvpmxk+YJ9tQWF/AEPuZtd9wd2Vd5GVD+UTmLFSffrIyQ==",
      "cpu": [
        "x64"
      ],
      "dev": true,
      "license": "Apache-2.0",
      "optional": true,
      "os": [
        "linux"
      ]
    },
    "node_modules/@typescript/native-preview-win32-arm64": {
      "version": "7.0.0-dev.20251007.1",
      "resolved": "https://registry.npmjs.org/@typescript/native-preview-win32-arm64/-/native-preview-win32-arm64-7.0.0-dev.20251007.1.tgz",
      "integrity": "sha512-SBlaOEuTQ3yQ9ZJ9HG10ygA7karRZUhhpYE5Mo3vcWD8PNGOP3buNcbdGeIe8CZXTXWlqcATAieo0n65k+RfrA==",
      "cpu": [
        "arm64"
      ],
      "dev": true,
      "license": "Apache-2.0",
      "optional": true,
      "os": [
        "win32"
      ]
    },
    "node_modules/@typescript/native-preview-win32-x64": {
      "version": "7.0.0-dev.20251007.1",
      "resolved": "https://registry.npmjs.org/@typescript/native-preview-win32-x64/-/native-preview-win32-x64-7.0.0-dev.20251007.1.tgz",
      "integrity": "sha512-WK7dCKMf73zGAPm0NjFJhHk2cOm4AifBziyJEfg45ue/ct4ughq1OagKUfr0ZG/94nrFpSYWHcHKSUX6unANVw==",
      "cpu": [
        "x64"
      ],
      "dev": true,
      "license": "Apache-2.0",
      "optional": true,
      "os": [
        "win32"
      ]
    },
    "node_modules/undici-types": {
      "version": "7.12.0",
      "resolved": "https://registry.npmjs.org/undici-types/-/undici-types-7.12.0.tgz",
      "integrity": "sha512-goOacqME2GYyOZZfb5Lgtu+1IDmAlAEu5xnD3+xTzS10hT0vzpf0SPjkXwAw9Jm+4n/mQGDP3LO8CPbYROeBfQ==",
      "dev": true,
      "license": "MIT"
    }
  }
}
